{
  "version": 4,
  "terraform_version": "1.15.4",
  "serial": 22,
  "lineage": "c3b8bfc7-75b7-f86b-58e4-b9cd8333067b",
  "outputs": {
    "access_analyzer_arn": {
      "value": "arn:aws:access-analyzer:eu-west-2:532025488915:analyzer/aws-iam-security-audit-analyzer",
      "type": "string"
    },
    "config_bucket": {
      "value": "aws-iam-security-audit-config-logs-532025488915",
      "type": "string"
    },
    "dev_role_arn": {
      "value": "arn:aws:iam::532025488915:role/dev-role",
      "type": "string"
    },
    "dev_user_arn": {
      "value": "arn:aws:iam::532025488915:user/dev-user",
      "type": "string"
    },
    "least_privilege_dev_arn": {
      "value": "arn:aws:iam::532025488915:policy/least-privilege-dev-policy",
      "type": "string"
    },
    "least_privilege_role_arn": {
      "value": "arn:aws:iam::532025488915:policy/least-privilege-s3-role-policy",
      "type": "string"
    },
    "wildcard_policy_arn": {
      "value": "arn:aws:iam::532025488915:policy/wildcard-everything-policy",
      "type": "string"
    }
  },
  "resources": [
    {
      "mode": "managed",
      "type": "aws_accessanalyzer_analyzer",
      "name": "main",
      "provider": "provider[\"registry.terraform.io/hashicorp/aws\"]",
      "instances": [
        {
          "schema_version": 0,
          "attributes": {
            "analyzer_name": "aws-iam-security-audit-analyzer",
            "arn": "arn:aws:access-analyzer:eu-west-2:532025488915:analyzer/aws-iam-security-audit-analyzer",
            "configuration": [],
            "id": "aws-iam-security-audit-analyzer",
            "region": "eu-west-2",
            "tags": {
              "ManagedBy": "terraform",
              "Name": "aws-iam-security-audit-analyzer",
              "Project": "aws-iam-security-audit"
            },
            "tags_all": {
              "ManagedBy": "terraform",
              "Name": "aws-iam-security-audit-analyzer",
              "Project": "aws-iam-security-audit"
            },
            "type": "ACCOUNT"
          },
          "sensitive_attributes": [],
          "identity_schema_version": 0,
          "private": "bnVsbA=="
        }
      ]
    },
    {
      "mode": "managed",
      "type": "aws_config_config_rule",
      "name": "mfa_enabled",
      "provider": "provider[\"registry.terraform.io/hashicorp/aws\"]",
      "instances": [
        {
          "schema_version": 0,
          "attributes": {
            "arn": "arn:aws:config:eu-west-2:532025488915:config-rule/config-rule-huivwa",
            "description": "",
            "evaluation_mode": [
              {
                "mode": "DETECTIVE"
              }
            ],
            "id": "iam-user-mfa-enabled",
            "input_parameters": "",
            "maximum_execution_frequency": "",
            "name": "iam-user-mfa-enabled",
            "region": "eu-west-2",
            "rule_id": "config-rule-huivwa",
            "scope": [],
            "source": [
              {
                "custom_policy_details": [],
                "owner": "AWS",
                "source_detail": [],
                "source_identifier": "IAM_USER_MFA_ENABLED"
              }
            ],
            "tags": null,
            "tags_all": {}
          },
          "sensitive_attributes": [],
          "identity_schema_version": 0,
          "identity": {
            "account_id": "532025488915",
            "name": "iam-user-mfa-enabled",
            "region": "eu-west-2"
          },
          "private": "bnVsbA==",
          "dependencies": [
            "aws_config_configuration_recorder.main",
            "aws_config_configuration_recorder_status.main",
            "aws_config_delivery_channel.main",
            "aws_iam_role.config_role",
            "aws_s3_bucket.config_bucket"
          ]
        }
      ]
    },
    {
      "mode": "managed",
      "type": "aws_config_config_rule",
      "name": "no_wildcards",
      "provider": "provider[\"registry.terraform.io/hashicorp/aws\"]",
      "instances": [
        {
          "schema_version": 0,
          "attributes": {
            "arn": "arn:aws:config:eu-west-2:532025488915:config-rule/config-rule-mhxat6",
            "description": "",
            "evaluation_mode": [
              {
                "mode": "DETECTIVE"
              }
            ],
            "id": "iam-policy-no-statements-with-admin-access",
            "input_parameters": "",
            "maximum_execution_frequency": "",
            "name": "iam-policy-no-statements-with-admin-access",
            "region": "eu-west-2",
            "rule_id": "config-rule-mhxat6",
            "scope": [],
            "source": [
              {
                "custom_policy_details": [],
                "owner": "AWS",
                "source_detail": [],
                "source_identifier": "IAM_POLICY_NO_STATEMENTS_WITH_ADMIN_ACCESS"
              }
            ],
            "tags": null,
            "tags_all": {}
          },
          "sensitive_attributes": [],
          "identity_schema_version": 0,
          "identity": {
            "account_id": "532025488915",
            "name": "iam-policy-no-statements-with-admin-access",
            "region": "eu-west-2"
          },
          "private": "bnVsbA==",
          "dependencies": [
            "aws_config_configuration_recorder.main",
            "aws_config_configuration_recorder_status.main",
            "aws_config_delivery_channel.main",
            "aws_iam_role.config_role",
            "aws_s3_bucket.config_bucket"
          ]
        }
      ]
    },
    {
      "mode": "managed",
      "type": "aws_config_configuration_recorder",
      "name": "main",
      "provider": "provider[\"registry.terraform.io/hashicorp/aws\"]",
      "instances": [
        {
          "schema_version": 0,
          "attributes": {
            "id": "aws-iam-security-audit-recorder",
            "name": "aws-iam-security-audit-recorder",
            "recording_group": [
              {
                "all_supported": true,
                "exclusion_by_resource_types": [
                  {
                    "resource_types": []
                  }
                ],
                "include_global_resource_types": true,
                "recording_strategy": [
                  {
                    "use_only": "ALL_SUPPORTED_RESOURCE_TYPES"
                  }
                ],
                "resource_types": []
              }
            ],
            "recording_mode": [
              {
                "recording_frequency": "CONTINUOUS",
                "recording_mode_override": []
              }
            ],
            "region": "eu-west-2",
            "role_arn": "arn:aws:iam::532025488915:role/aws-config-role"
          },
          "sensitive_attributes": [],
          "identity_schema_version": 0,
          "identity": {
            "account_id": "532025488915",
            "name": "aws-iam-security-audit-recorder",
            "region": "eu-west-2"
          },
          "private": "bnVsbA==",
          "dependencies": [
            "aws_iam_role.config_role"
          ]
        }
      ]
    },
    {
      "mode": "managed",
      "type": "aws_config_configuration_recorder_status",
      "name": "main",
      "provider": "provider[\"registry.terraform.io/hashicorp/aws\"]",
      "instances": [
        {
          "schema_version": 0,
          "attributes": {
            "id": "aws-iam-security-audit-recorder",
            "is_enabled": true,
            "name": "aws-iam-security-audit-recorder",
            "region": "eu-west-2"
          },
          "sensitive_attributes": [],
          "identity_schema_version": 0,
          "identity": {
            "account_id": "532025488915",
            "name": "aws-iam-security-audit-recorder",
            "region": "eu-west-2"
          },
          "private": "bnVsbA==",
          "dependencies": [
            "aws_config_configuration_recorder.main",
            "aws_config_delivery_channel.main",
            "aws_iam_role.config_role",
            "aws_s3_bucket.config_bucket"
          ]
        }
      ]
    },
    {
      "mode": "managed",
      "type": "aws_config_delivery_channel",
      "name": "main",
      "provider": "provider[\"registry.terraform.io/hashicorp/aws\"]",
      "instances": [
        {
          "schema_version": 0,
          "attributes": {
            "id": "aws-iam-security-audit-delivery-channel",
            "name": "aws-iam-security-audit-delivery-channel",
            "region": "eu-west-2",
            "s3_bucket_name": "aws-iam-security-audit-config-logs-532025488915",
            "s3_key_prefix": "",
            "s3_kms_key_arn": "",
            "snapshot_delivery_properties": [],
            "sns_topic_arn": ""
          },
          "sensitive_attributes": [],
          "identity_schema_version": 0,
          "identity": {
            "account_id": "532025488915",
            "name": "aws-iam-security-audit-delivery-channel",
            "region": "eu-west-2"
          },
          "private": "bnVsbA==",
          "dependencies": [
            "aws_config_configuration_recorder.main",
            "aws_iam_role.config_role",
            "aws_s3_bucket.config_bucket"
          ]
        }
      ]
    },
    {
      "mode": "managed",
      "type": "aws_iam_policy",
      "name": "least_privilege_dev",
      "provider": "provider[\"registry.terraform.io/hashicorp/aws\"]",
      "instances": [
        {
          "schema_version": 0,
          "attributes": {
            "arn": "arn:aws:iam::532025488915:policy/least-privilege-dev-policy",
            "attachment_count": 0,
            "delay_after_policy_creation_in_ms": null,
            "description": "FIXED - least privilege policy replacing wildcard",
            "id": "arn:aws:iam::532025488915:policy/least-privilege-dev-policy",
            "name": "least-privilege-dev-policy",
            "name_prefix": "",
            "path": "/",
            "policy": "{\"Statement\":[{\"Action\":[\"s3:GetObject\",\"s3:ListBucket\"],\"Effect\":\"Allow\",\"Resource\":[\"arn:aws:s3:::aws-iam-security-audit-config-logs-532025488915\",\"arn:aws:s3:::aws-iam-security-audit-config-logs-532025488915/*\"],\"Sid\":\"AllowS3ReadOnlySpecificBucket\"},{\"Action\":[\"logs:GetLogEvents\",\"logs:DescribeLogGroups\",\"logs:DescribeLogStreams\"],\"Effect\":\"Allow\",\"Resource\":\"arn:aws:logs:eu-west-2:532025488915:*\",\"Sid\":\"AllowCloudWatchLogsRead\"}],\"Version\":\"2012-10-17\"}",
            "policy_id": "ANPAXXXZQWYJQ3OUFPRJF",
            "tags": {},
            "tags_all": {}
          },
          "sensitive_attributes": [],
          "identity_schema_version": 0,
          "identity": {
            "arn": "arn:aws:iam::532025488915:policy/least-privilege-dev-policy"
          },
          "private": "bnVsbA=="
        }
      ]
    },
    {
      "mode": "managed",
      "type": "aws_iam_policy",
      "name": "least_privilege_s3_role",
      "provider": "provider[\"registry.terraform.io/hashicorp/aws\"]",
      "instances": [
        {
          "schema_version": 0,
          "attributes": {
            "arn": "arn:aws:iam::532025488915:policy/least-privilege-s3-role-policy",
            "attachment_count": 0,
            "delay_after_policy_creation_in_ms": null,
            "description": "FIXED - scoped S3 access replacing overly broad policy",
            "id": "arn:aws:iam::532025488915:policy/least-privilege-s3-role-policy",
            "name": "least-privilege-s3-role-policy",
            "name_prefix": "",
            "path": "/",
            "policy": "{\"Statement\":[{\"Action\":[\"s3:GetObject\",\"s3:ListBucket\"],\"Effect\":\"Allow\",\"Resource\":[\"arn:aws:s3:::aws-iam-security-audit-config-logs-532025488915\",\"arn:aws:s3:::aws-iam-security-audit-config-logs-532025488915/*\"],\"Sid\":\"AllowReadOnlySpecificBucket\"}],\"Version\":\"2012-10-17\"}",
            "policy_id": "ANPAXXXZQWYJ56JT3JXY5",
            "tags": {},
            "tags_all": {}
          },
          "sensitive_attributes": [],
          "identity_schema_version": 0,
          "identity": {
            "arn": "arn:aws:iam::532025488915:policy/least-privilege-s3-role-policy"
          },
          "private": "bnVsbA=="
        }
      ]
    },
    {
      "mode": "managed",
      "type": "aws_iam_policy",
      "name": "overly_broad_s3",
      "provider": "provider[\"registry.terraform.io/hashicorp/aws\"]",
      "instances": [
        {
          "schema_version": 0,
          "attributes": {
            "arn": "arn:aws:iam::532025488915:policy/overly-broad-s3-policy",
            "attachment_count": 1,
            "delay_after_policy_creation_in_ms": null,
            "description": "INTENTIONALLY MISCONFIGURED - grants access to all S3 buckets",
            "id": "arn:aws:iam::532025488915:policy/overly-broad-s3-policy",
            "name": "overly-broad-s3-policy",
            "name_prefix": "",
            "path": "/",
            "policy": "{\"Statement\":[{\"Action\":[\"s3:GetObject\",\"s3:PutObject\",\"s3:DeleteObject\",\"s3:ListBucket\",\"s3:ListAllMyBuckets\"],\"Effect\":\"Allow\",\"Resource\":\"*\",\"Sid\":\"OverlyBroadS3Access\"}],\"Version\":\"2012-10-17\"}",
            "policy_id": "ANPAXXXZQWYJZSF5VZIRG",
            "tags": {},
            "tags_all": {}
          },
          "sensitive_attributes": [],
          "identity_schema_version": 0,
          "identity": {
            "arn": "arn:aws:iam::532025488915:policy/overly-broad-s3-policy"
          },
          "private": "bnVsbA=="
        }
      ]
    },
    {
      "mode": "managed",
      "type": "aws_iam_policy",
      "name": "wildcard_policy",
      "provider": "provider[\"registry.terraform.io/hashicorp/aws\"]",
      "instances": [
        {
          "schema_version": 0,
          "attributes": {
            "arn": "arn:aws:iam::532025488915:policy/wildcard-everything-policy",
            "attachment_count": 1,
            "delay_after_policy_creation_in_ms": null,
            "description": "INTENTIONALLY MISCONFIGURED - wildcard permissions for audit demonstration",
            "id": "arn:aws:iam::532025488915:policy/wildcard-everything-policy",
            "name": "wildcard-everything-policy",
            "name_prefix": "",
            "path": "/",
            "policy": "{\"Statement\":[{\"Action\":\"*\",\"Effect\":\"Allow\",\"Resource\":\"*\",\"Sid\":\"DangerousWildcardAccess\"}],\"Version\":\"2012-10-17\"}",
            "policy_id": "ANPAXXXZQWYJ74NMNP2F7",
            "tags": {},
            "tags_all": {}
          },
          "sensitive_attributes": [],
          "identity_schema_version": 0,
          "identity": {
            "arn": "arn:aws:iam::532025488915:policy/wildcard-everything-policy"
          },
          "private": "bnVsbA=="
        }
      ]
    },
    {
      "mode": "managed",
      "type": "aws_iam_role",
      "name": "config_role",
      "provider": "provider[\"registry.terraform.io/hashicorp/aws\"]",
      "instances": [
        {
          "schema_version": 0,
          "attributes": {
            "arn": "arn:aws:iam::532025488915:role/aws-config-role",
            "assume_role_policy": "{\"Statement\":[{\"Action\":\"sts:AssumeRole\",\"Effect\":\"Allow\",\"Principal\":{\"Service\":\"config.amazonaws.com\"}}],\"Version\":\"2012-10-17\"}",
            "create_date": "2026-05-28T16:15:24Z",
            "description": "",
            "force_detach_policies": false,
            "id": "aws-config-role",
            "inline_policy": [],
            "managed_policy_arns": [
              "arn:aws:iam::aws:policy/service-role/AWS_ConfigRole"
            ],
            "max_session_duration": 3600,
            "name": "aws-config-role",
            "name_prefix": "",
            "path": "/",
            "permissions_boundary": "",
            "tags": {
              "ManagedBy": "terraform",
              "Name": "aws-config-role",
              "Project": "aws-iam-security-audit"
            },
            "tags_all": {
              "ManagedBy": "terraform",
              "Name": "aws-config-role",
              "Project": "aws-iam-security-audit"
            },
            "unique_id": "AROAXXXZQWYJS3ZU4BODV"
          },
          "sensitive_attributes": [],
          "identity_schema_version": 0,
          "identity": {
            "account_id": "532025488915",
            "name": "aws-config-role"
          },
          "private": "bnVsbA=="
        }
      ]
    },
    {
      "mode": "managed",
      "type": "aws_iam_role",
      "name": "dev_role",
      "provider": "provider[\"registry.terraform.io/hashicorp/aws\"]",
      "instances": [
        {
          "schema_version": 0,
          "attributes": {
            "arn": "arn:aws:iam::532025488915:role/dev-role",
            "assume_role_policy": "{\"Statement\":[{\"Action\":\"sts:AssumeRole\",\"Effect\":\"Allow\",\"Principal\":{\"Service\":\"ec2.amazonaws.com\"},\"Sid\":\"AllowEC2ToAssume\"}],\"Version\":\"2012-10-17\"}",
            "create_date": "2026-05-28T16:15:24Z",
            "description": "INTENTIONALLY MISCONFIGURED - overly broad permissions for audit demonstration",
            "force_detach_policies": false,
            "id": "dev-role",
            "inline_policy": [],
            "managed_policy_arns": [
              "arn:aws:iam::532025488915:policy/overly-broad-s3-policy"
            ],
            "max_session_duration": 3600,
            "name": "dev-role",
            "name_prefix": "",
            "path": "/",
            "permissions_boundary": "",
            "tags": {
              "ManagedBy": "terraform",
              "Name": "dev-role",
              "Project": "aws-iam-security-audit",
              "Security": "misconfigured"
            },
            "tags_all": {
              "ManagedBy": "terraform",
              "Name": "dev-role",
              "Project": "aws-iam-security-audit",
              "Security": "misconfigured"
            },
            "unique_id": "AROAXXXZQWYJ7LNFHSYDQ"
          },
          "sensitive_attributes": [],
          "identity_schema_version": 0,
          "identity": {
            "account_id": "532025488915",
            "name": "dev-role"
          },
          "private": "bnVsbA=="
        }
      ]
    },
    {
      "mode": "managed",
      "type": "aws_iam_role_policy_attachment",
      "name": "config_policy",
      "provider": "provider[\"registry.terraform.io/hashicorp/aws\"]",
      "instances": [
        {
          "schema_version": 0,
          "attributes": {
            "id": "aws-config-role/arn:aws:iam::aws:policy/service-role/AWS_ConfigRole",
            "policy_arn": "arn:aws:iam::aws:policy/service-role/AWS_ConfigRole",
            "role": "aws-config-role"
          },
          "sensitive_attributes": [],
          "identity_schema_version": 0,
          "identity": {
            "account_id": "532025488915",
            "policy_arn": "arn:aws:iam::aws:policy/service-role/AWS_ConfigRole",
            "role": "aws-config-role"
          },
          "private": "bnVsbA==",
          "dependencies": [
            "aws_iam_role.config_role"
          ]
        }
      ]
    },
    {
      "mode": "managed",
      "type": "aws_iam_role_policy_attachment",
      "name": "dev_role_s3",
      "provider": "provider[\"registry.terraform.io/hashicorp/aws\"]",
      "instances": [
        {
          "schema_version": 0,
          "attributes": {
            "id": "dev-role/arn:aws:iam::532025488915:policy/overly-broad-s3-policy",
            "policy_arn": "arn:aws:iam::532025488915:policy/overly-broad-s3-policy",
            "role": "dev-role"
          },
          "sensitive_attributes": [],
          "identity_schema_version": 0,
          "identity": {
            "account_id": "532025488915",
            "policy_arn": "arn:aws:iam::532025488915:policy/overly-broad-s3-policy",
            "role": "dev-role"
          },
          "private": "bnVsbA==",
          "dependencies": [
            "aws_iam_policy.overly_broad_s3",
            "aws_iam_role.dev_role"
          ]
        }
      ]
    },
    {
      "mode": "managed",
      "type": "aws_iam_user",
      "name": "dev_user",
      "provider": "provider[\"registry.terraform.io/hashicorp/aws\"]",
      "instances": [
        {
          "schema_version": 0,
          "attributes": {
            "arn": "arn:aws:iam::532025488915:user/dev-user",
            "force_destroy": false,
            "id": "dev-user",
            "name": "dev-user",
            "path": "/",
            "permissions_boundary": "",
            "tags": {
              "ManagedBy": "terraform",
              "Name": "dev-user",
              "Project": "aws-iam-security-audit",
              "Security": "misconfigured"
            },
            "tags_all": {
              "ManagedBy": "terraform",
              "Name": "dev-user",
              "Project": "aws-iam-security-audit",
              "Security": "misconfigured"
            },
            "unique_id": "AIDAXXXZQWYJXLT5UWMJ6"
          },
          "sensitive_attributes": [],
          "identity_schema_version": 0,
          "identity": {
            "account_id": "532025488915",
            "name": "dev-user"
          },
          "private": "bnVsbA=="
        }
      ]
    },
    {
      "mode": "managed",
      "type": "aws_iam_user_policy_attachment",
      "name": "dev_user_wildcard",
      "provider": "provider[\"registry.terraform.io/hashicorp/aws\"]",
      "instances": [
        {
          "schema_version": 0,
          "attributes": {
            "id": "dev-user/arn:aws:iam::532025488915:policy/wildcard-everything-policy",
            "policy_arn": "arn:aws:iam::532025488915:policy/wildcard-everything-policy",
            "user": "dev-user"
          },
          "sensitive_attributes": [],
          "identity_schema_version": 0,
          "identity": {
            "account_id": "532025488915",
            "policy_arn": "arn:aws:iam::532025488915:policy/wildcard-everything-policy",
            "user": "dev-user"
          },
          "private": "bnVsbA==",
          "dependencies": [
            "aws_iam_policy.wildcard_policy",
            "aws_iam_user.dev_user"
          ]
        }
      ]
    },
    {
      "mode": "managed",
      "type": "aws_s3_bucket",
      "name": "config_bucket",
      "provider": "provider[\"registry.terraform.io/hashicorp/aws\"]",
      "instances": [
        {
          "schema_version": 0,
          "attributes": {
            "acceleration_status": "",
            "acl": null,
            "arn": "arn:aws:s3:::aws-iam-security-audit-config-logs-532025488915",
            "bucket": "aws-iam-security-audit-config-logs-532025488915",
            "bucket_domain_name": "aws-iam-security-audit-config-logs-532025488915.s3.amazonaws.com",
            "bucket_namespace": "global",
            "bucket_prefix": "",
            "bucket_region": "eu-west-2",
            "bucket_regional_domain_name": "aws-iam-security-audit-config-logs-532025488915.s3.eu-west-2.amazonaws.com",
            "cors_rule": [],
            "force_destroy": false,
            "grant": [
              {
                "id": "a4bb55812b1ccc07eb038697e52fd259727f009872373be779881534fb716267",
                "permissions": [
                  "FULL_CONTROL"
                ],
                "type": "CanonicalUser",
                "uri": ""
              }
            ],
            "hosted_zone_id": "Z3GKZC51ZF0DB4",
            "id": "aws-iam-security-audit-config-logs-532025488915",
            "lifecycle_rule": [],
            "logging": [],
            "object_lock_configuration": [],
            "object_lock_enabled": false,
            "policy": "",
            "region": "eu-west-2",
            "replication_configuration": [],
            "request_payer": "BucketOwner",
            "server_side_encryption_configuration": [
              {
                "rule": [
                  {
                    "apply_server_side_encryption_by_default": [
                      {
                        "kms_master_key_id": "",
                        "sse_algorithm": "AES256"
                      }
                    ],
                    "bucket_key_enabled": false
                  }
                ]
              }
            ],
            "tags": {
              "ManagedBy": "terraform",
              "Name": "config-logs",
              "Project": "aws-iam-security-audit"
            },
            "tags_all": {
              "ManagedBy": "terraform",
              "Name": "config-logs",
              "Project": "aws-iam-security-audit"
            },
            "timeouts": null,
            "versioning": [
              {
                "enabled": false,
                "mfa_delete": false
              }
            ],
            "website": [],
            "website_domain": null,
            "website_endpoint": null
          },
          "sensitive_attributes": [],
          "identity_schema_version": 0,
          "identity": {
            "account_id": "532025488915",
            "bucket": "aws-iam-security-audit-config-logs-532025488915",
            "region": "eu-west-2"
          },
          "private": "eyJlMmJmYjczMC1lY2FhLTExZTYtOGY4OC0zNDM2M2JjN2M0YzAiOnsiY3JlYXRlIjoxMjAwMDAwMDAwMDAwLCJkZWxldGUiOjM2MDAwMDAwMDAwMDAsInJlYWQiOjEyMDAwMDAwMDAwMDAsInVwZGF0ZSI6MTIwMDAwMDAwMDAwMH19"
        }
      ]
    },
    {
      "mode": "managed",
      "type": "aws_s3_bucket_policy",
      "name": "config_bucket",
      "provider": "provider[\"registry.terraform.io/hashicorp/aws\"]",
      "instances": [
        {
          "schema_version": 0,
          "attributes": {
            "bucket": "aws-iam-security-audit-config-logs-532025488915",
            "id": "aws-iam-security-audit-config-logs-532025488915",
            "policy": "{\"Statement\":[{\"Action\":\"s3:GetBucketAcl\",\"Effect\":\"Allow\",\"Principal\":{\"Service\":\"config.amazonaws.com\"},\"Resource\":\"arn:aws:s3:::aws-iam-security-audit-config-logs-532025488915\",\"Sid\":\"AllowConfigBucketAcl\"},{\"Action\":\"s3:PutObject\",\"Condition\":{\"StringEquals\":{\"s3:x-amz-acl\":\"bucket-owner-full-control\"}},\"Effect\":\"Allow\",\"Principal\":{\"Service\":\"config.amazonaws.com\"},\"Resource\":\"arn:aws:s3:::aws-iam-security-audit-config-logs-532025488915/AWSLogs/532025488915/Config/*\",\"Sid\":\"AllowConfigDelivery\"}],\"Version\":\"2012-10-17\"}",
            "region": "eu-west-2"
          },
          "sensitive_attributes": [],
          "identity_schema_version": 0,
          "identity": {
            "account_id": "532025488915",
            "bucket": "aws-iam-security-audit-config-logs-532025488915",
            "region": "eu-west-2"
          },
          "private": "bnVsbA==",
          "dependencies": [
            "aws_s3_bucket.config_bucket",
            "aws_s3_bucket_public_access_block.config_bucket"
          ]
        }
      ]
    },
    {
      "mode": "managed",
      "type": "aws_s3_bucket_public_access_block",
      "name": "config_bucket",
      "provider": "provider[\"registry.terraform.io/hashicorp/aws\"]",
      "instances": [
        {
          "schema_version": 0,
          "attributes": {
            "block_public_acls": true,
            "block_public_policy": true,
            "bucket": "aws-iam-security-audit-config-logs-532025488915",
            "id": "aws-iam-security-audit-config-logs-532025488915",
            "ignore_public_acls": true,
            "region": "eu-west-2",
            "restrict_public_buckets": true,
            "skip_destroy": null
          },
          "sensitive_attributes": [],
          "identity_schema_version": 0,
          "identity": {
            "account_id": "532025488915",
            "bucket": "aws-iam-security-audit-config-logs-532025488915",
            "region": "eu-west-2"
          },
          "private": "bnVsbA==",
          "dependencies": [
            "aws_s3_bucket.config_bucket"
          ]
        }
      ]
    }
  ],
  "check_results": null
}
